PODS:
  - Alamofire (5.8.1)
  - Moya (15.0.0):
    - Moya/Core (= 15.0.0)
  - Moya/Core (15.0.0):
    - Alamofire (~> 5.0)
  - osp_selfie (0.1.0)
  - PromiseKit (8.1.1):
    - PromiseKit/CorePromise (= 8.1.1)
    - PromiseKit/Foundation (= 8.1.1)
    - PromiseKit/UIKit (= 8.1.1)
  - PromiseKit/CorePromise (8.1.1)
  - PromiseKit/Foundation (8.1.1):
    - PromiseKit/CorePromise
  - PromiseKit/UIKit (8.1.1):
    - PromiseKit/CorePromise
  - SwiftMessages (9.0.6):
    - SwiftMessages/App (= 9.0.6)
  - SwiftMessages/App (9.0.6)

DEPENDENCIES:
  - Moya
  - osp_selfie (from `../`)
  - PromiseKit
  - SwiftMessages

SPEC REPOS:
  trunk:
    - Alamofire
    - Moya
    - PromiseKit
    - SwiftMessages

EXTERNAL SOURCES:
  osp_selfie:
    :path: "../"

SPEC CHECKSUMS:
  Alamofire: 3ca42e259043ee0dc5c0cdd76c4bc568b8e42af7
  Moya: 138f0573e53411fb3dc17016add0b748dfbd78ee
  osp_selfie: e54a10dc341159c623c37359a4b9303c4a6b7e87
  PromiseKit: d1be44b474e5acfa16adf007a1f49f104e10fead
  SwiftMessages: f0c7ef4705a570ad6c5e208b611f4333e660ed92

PODFILE CHECKSUM: 9cf7f97e30ad6303ecbb4972b8cee2feca683363

COCOAPODS: 1.14.3
